// !$*UTF8*$!
{
	archiveVersion = 1;
	classes = {
	};
	objectVersion = 56;
	objects = {

/* Begin PBXBuildFile section */
		06B9893B2C509CDE002532B6 /* CounterFeatureTests.swift in Sources */ = {isa = PBXBuildFile; fileRef = 06B9893A2C509CDE002532B6 /* CounterFeatureTests.swift */; };
		06B989432C50C99F002532B6 /* .swiftlint.yml in Resources */ = {isa = PBXBuildFile; fileRef = 06B989422C50C99F002532B6 /* .swiftlint.yml */; };
		06B989442C50CBF6002532B6 /* .swiftlint.yml in Resources */ = {isa = PBXBuildFile; fileRef = 06B989422C50C99F002532B6 /* .swiftlint.yml */; };
		06B989472C50D014002532B6 /* .swiftformat in Resources */ = {isa = PBXBuildFile; fileRef = 06B989462C50D014002532B6 /* .swiftformat */; };
		4237C4872C4FD3B1001A657C /* TCATutorialApp.swift in Sources */ = {isa = PBXBuildFile; fileRef = 4237C4862C4FD3B1001A657C /* TCATutorialApp.swift */; };
		4237C4892C4FD3B1001A657C /* CounterView.swift in Sources */ = {isa = PBXBuildFile; fileRef = 4237C4882C4FD3B1001A657C /* CounterView.swift */; };
		4237C48B2C4FD3B3001A657C /* Assets.xcassets in Resources */ = {isa = PBXBuildFile; fileRef = 4237C48A2C4FD3B3001A657C /* Assets.xcassets */; };
		4237C48E2C4FD3B3001A657C /* Preview Assets.xcassets in Resources */ = {isa = PBXBuildFile; fileRef = 4237C48D2C4FD3B3001A657C /* Preview Assets.xcassets */; };
		4237C4962C4FD45B001A657C /* ComposableArchitecture in Frameworks */ = {isa = PBXBuildFile; productRef = 4237C4952C4FD45B001A657C /* ComposableArchitecture */; };
/* End PBXBuildFile section */

/* Begin PBXContainerItemProxy section */
		06B9893C2C509CDE002532B6 /* PBXContainerItemProxy */ = {
			isa = PBXContainerItemProxy;
			containerPortal = 4237C47B2C4FD3B1001A657C /* Project object */;
			proxyType = 1;
			remoteGlobalIDString = 4237C4822C4FD3B1001A657C;
			remoteInfo = TCATutorial;
		};
/* End PBXContainerItemProxy section */

/* Begin PBXFileReference section */
		06B989382C509CDE002532B6 /* TCATutorialTests.xctest */ = {isa = PBXFileReference; explicitFileType = wrapper.cfbundle; includeInIndex = 0; path = TCATutorialTests.xctest; sourceTree = BUILT_PRODUCTS_DIR; };
		06B9893A2C509CDE002532B6 /* CounterFeatureTests.swift */ = {isa = PBXFileReference; lastKnownFileType = sourcecode.swift; path = CounterFeatureTests.swift; sourceTree = "<group>"; };
		06B989422C50C99F002532B6 /* .swiftlint.yml */ = {isa = PBXFileReference; lastKnownFileType = text.yaml; path = .swiftlint.yml; sourceTree = "<group>"; };
		06B989462C50D014002532B6 /* .swiftformat */ = {isa = PBXFileReference; lastKnownFileType = text; path = .swiftformat; sourceTree = "<group>"; };
		4237C4832C4FD3B1001A657C /* TCATutorial.app */ = {isa = PBXFileReference; explicitFileType = wrapper.application; includeInIndex = 0; path = TCATutorial.app; sourceTree = BUILT_PRODUCTS_DIR; };
		4237C4862C4FD3B1001A657C /* TCATutorialApp.swift */ = {isa = PBXFileReference; lastKnownFileType = sourcecode.swift; path = TCATutorialApp.swift; sourceTree = "<group>"; };
		4237C4882C4FD3B1001A657C /* CounterView.swift */ = {isa = PBXFileReference; lastKnownFileType = sourcecode.swift; path = CounterView.swift; sourceTree = "<group>"; };
		4237C48A2C4FD3B3001A657C /* Assets.xcassets */ = {isa = PBXFileReference; lastKnownFileType = folder.assetcatalog; path = Assets.xcassets; sourceTree = "<group>"; };
		4237C48D2C4FD3B3001A657C /* Preview Assets.xcassets */ = {isa = PBXFileReference; lastKnownFileType = folder.assetcatalog; path = "Preview Assets.xcassets"; sourceTree = "<group>"; };
		4237C4972C4FE300001A657C /* Info.plist */ = {isa = PBXFileReference; lastKnownFileType = text.plist; path = Info.plist; sourceTree = "<group>"; };
/* End PBXFileReference section */

/* Begin PBXFrameworksBuildPhase section */
		06B989352C509CDE002532B6 /* Frameworks */ = {
			isa = PBXFrameworksBuildPhase;
			buildActionMask = 2147483647;
			files = (
			);
			runOnlyForDeploymentPostprocessing = 0;
		};
		4237C4802C4FD3B1001A657C /* Frameworks */ = {
			isa = PBXFrameworksBuildPhase;
			buildActionMask = 2147483647;
			files = (
				4237C4962C4FD45B001A657C /* ComposableArchitecture in Frameworks */,
			);
			runOnlyForDeploymentPostprocessing = 0;
		};
/* End PBXFrameworksBuildPhase section */

/* Begin PBXGroup section */
		06B989392C509CDE002532B6 /* TCATutorialTests */ = {
			isa = PBXGroup;
			children = (
				06B9893A2C509CDE002532B6 /* CounterFeatureTests.swift */,
			);
			path = TCATutorialTests;
			sourceTree = "<group>";
		};
		4237C47A2C4FD3B1001A657C = {
			isa = PBXGroup;
			children = (
				06B989462C50D014002532B6 /* .swiftformat */,
				06B989422C50C99F002532B6 /* .swiftlint.yml */,
				4237C4852C4FD3B1001A657C /* TCATutorial */,
				06B989392C509CDE002532B6 /* TCATutorialTests */,
				4237C4842C4FD3B1001A657C /* Products */,
			);
			sourceTree = "<group>";
		};
		4237C4842C4FD3B1001A657C /* Products */ = {
			isa = PBXGroup;
			children = (
				4237C4832C4FD3B1001A657C /* TCATutorial.app */,
				06B989382C509CDE002532B6 /* TCATutorialTests.xctest */,
			);
			name = Products;
			sourceTree = "<group>";
		};
		4237C4852C4FD3B1001A657C /* TCATutorial */ = {
			isa = PBXGroup;
			children = (
				4237C4972C4FE300001A657C /* Info.plist */,
				4237C4862C4FD3B1001A657C /* TCATutorialApp.swift */,
				4237C4882C4FD3B1001A657C /* CounterView.swift */,
				4237C48A2C4FD3B3001A657C /* Assets.xcassets */,
				4237C48C2C4FD3B3001A657C /* Preview Content */,
			);
			path = TCATutorial;
			sourceTree = "<group>";
		};
		4237C48C2C4FD3B3001A657C /* Preview Content */ = {
			isa = PBXGroup;
			children = (
				4237C48D2C4FD3B3001A657C /* Preview Assets.xcassets */,
			);
			path = "Preview Content";
			sourceTree = "<group>";
		};
/* End PBXGroup section */

/* Begin PBXNativeTarget section */
		06B989372C509CDE002532B6 /* TCATutorialTests */ = {
			isa = PBXNativeTarget;
			buildConfigurationList = 06B9893E2C509CDE002532B6 /* Build configuration list for PBXNativeTarget "TCATutorialTests" */;
			buildPhases = (
				06B989342C509CDE002532B6 /* Sources */,
				06B989352C509CDE002532B6 /* Frameworks */,
				06B989362C509CDE002532B6 /* Resources */,
			);
			buildRules = (
			);
			dependencies = (
				06B9893D2C509CDE002532B6 /* PBXTargetDependency */,
			);
			name = TCATutorialTests;
			productName = TCATutorialTests;
			productReference = 06B989382C509CDE002532B6 /* TCATutorialTests.xctest */;
			productType = "com.apple.product-type.bundle.unit-test";
		};
		4237C4822C4FD3B1001A657C /* TCATutorial */ = {
			isa = PBXNativeTarget;
			buildConfigurationList = 4237C4912C4FD3B3001A657C /* Build configuration list for PBXNativeTarget "TCATutorial" */;
			buildPhases = (
				4237C47F2C4FD3B1001A657C /* Sources */,
				4237C4802C4FD3B1001A657C /* Frameworks */,
				4237C4812C4FD3B1001A657C /* Resources */,
				06B989412C50C894002532B6 /* SwiftLint */,
				06B989452C50CFD5002532B6 /* SwiftFormat */,
			);
			buildRules = (
			);
			dependencies = (
			);
			name = TCATutorial;
			packageProductDependencies = (
				4237C4952C4FD45B001A657C /* ComposableArchitecture */,
			);
			productName = TCATutorial;
			productReference = 4237C4832C4FD3B1001A657C /* TCATutorial.app */;
			productType = "com.apple.product-type.application";
		};
/* End PBXNativeTarget section */

/* Begin PBXProject section */
		4237C47B2C4FD3B1001A657C /* Project object */ = {
			isa = PBXProject;
			attributes = {
				BuildIndependentTargetsInParallel = 1;
				LastSwiftUpdateCheck = 1540;
				LastUpgradeCheck = 1530;
				TargetAttributes = {
					06B989372C509CDE002532B6 = {
						CreatedOnToolsVersion = 15.4;
						TestTargetID = 4237C4822C4FD3B1001A657C;
					};
					4237C4822C4FD3B1001A657C = {
						CreatedOnToolsVersion = 15.3;
					};
				};
			};
			buildConfigurationList = 4237C47E2C4FD3B1001A657C /* Build configuration list for PBXProject "TCATutorial" */;
			compatibilityVersion = "Xcode 14.0";
			developmentRegion = en;
			hasScannedForEncodings = 0;
			knownRegions = (
				en,
				Base,
			);
			mainGroup = 4237C47A2C4FD3B1001A657C;
			packageReferences = (
				4237C4942C4FD45B001A657C /* XCRemoteSwiftPackageReference "swift-composable-architecture" */,
			);
			productRefGroup = 4237C4842C4FD3B1001A657C /* Products */;
			projectDirPath = "";
			projectRoot = "";
			targets = (
				4237C4822C4FD3B1001A657C /* TCATutorial */,
				06B989372C509CDE002532B6 /* TCATutorialTests */,
			);
		};
/* End PBXProject section */

/* Begin PBXResourcesBuildPhase section */
		06B989362C509CDE002532B6 /* Resources */ = {
			isa = PBXResourcesBuildPhase;
			buildActionMask = 2147483647;
			files = (
				06B989442C50CBF6002532B6 /* .swiftlint.yml in Resources */,
			);
			runOnlyForDeploymentPostprocessing = 0;
		};
		4237C4812C4FD3B1001A657C /* Resources */ = {
			isa = PBXResourcesBuildPhase;
			buildActionMask = 2147483647;
			files = (
				06B989472C50D014002532B6 /* .swiftformat in Resources */,
				06B989432C50C99F002532B6 /* .swiftlint.yml in Resources */,
				4237C48E2C4FD3B3001A657C /* Preview Assets.xcassets in Resources */,
				4237C48B2C4FD3B3001A657C /* Assets.xcassets in Resources */,
			);
			runOnlyForDeploymentPostprocessing = 0;
		};
/* End PBXResourcesBuildPhase section */

/* Begin PBXShellScriptBuildPhase section */
		06B989412C50C894002532B6 /* SwiftLint */ = {
			isa = PBXShellScriptBuildPhase;
			alwaysOutOfDate = 1;
			buildActionMask = 2147483647;
			files = (
			);
			inputFileListPaths = (
			);
			inputPaths = (
			);
			name = SwiftLint;
			outputFileListPaths = (
			);
			outputPaths = (
			);
			runOnlyForDeploymentPostprocessing = 0;
			shellPath = /bin/sh;
			shellScript = "# Type a script or drag a script file from your workspace to insert its path.\nexport PATH=\"$PATH:/opt/homebrew/bin\"\nif which swiftlint > /dev/null; then \n  swiftlint\nelse\n  echo \"warning: SwiftLint not installed, download from https://github.com/realm/SwiftLint\"\nfi\n";
		};
		06B989452C50CFD5002532B6 /* SwiftFormat */ = {
			isa = PBXShellScriptBuildPhase;
			alwaysOutOfDate = 1;
			buildActionMask = 2147483647;
			files = (
			);
			inputFileListPaths = (
			);
			inputPaths = (
			);
			name = SwiftFormat;
			outputFileListPaths = (
			);
			outputPaths = (
			);
			runOnlyForDeploymentPostprocessing = 0;
			shellPath = /bin/sh;
			shellScript = "# Type a script or drag a script file from your workspace to insert its path.\nexport PATH=\"$PATH:/opt/homebrew/bin\"\nif which swiftformat > /dev/null; then\n  swiftformat .\nelse\n  echo \"warning: SwiftFormat not installed, download from https://github.com/nicklockwood/SwiftFormat\"\nfi\n";
		};
/* End PBXShellScriptBuildPhase section */

/* Begin PBXSourcesBuildPhase section */
		06B989342C509CDE002532B6 /* Sources */ = {
			isa = PBXSourcesBuildPhase;
			buildActionMask = 2147483647;
			files = (
				06B9893B2C509CDE002532B6 /* CounterFeatureTests.swift in Sources */,
			);
			runOnlyForDeploymentPostprocessing = 0;
		};
		4237C47F2C4FD3B1001A657C /* Sources */ = {
			isa = PBXSourcesBuildPhase;
			buildActionMask = 2147483647;
			files = (
				4237C4892C4FD3B1001A657C /* CounterView.swift in Sources */,
				4237C4872C4FD3B1001A657C /* TCATutorialApp.swift in Sources */,
			);
			runOnlyForDeploymentPostprocessing = 0;
		};
/* End PBXSourcesBuildPhase section */

/* Begin PBXTargetDependency section */
		06B9893D2C509CDE002532B6 /* PBXTargetDependency */ = {
			isa = PBXTargetDependency;
			target = 4237C4822C4FD3B1001A657C /* TCATutorial */;
			targetProxy = 06B9893C2C509CDE002532B6 /* PBXContainerItemProxy */;
		};
/* End PBXTargetDependency section */

/* Begin XCBuildConfiguration section */
		06B9893F2C509CDE002532B6 /* Debug */ = {
			isa = XCBuildConfiguration;
			buildSettings = {
				BUNDLE_LOADER = "$(TEST_HOST)";
				CODE_SIGN_STYLE = Automatic;
				CURRENT_PROJECT_VERSION = 1;
				GENERATE_INFOPLIST_FILE = YES;
				IPHONEOS_DEPLOYMENT_TARGET = 17.5;
				MARKETING_VERSION = 1.0;
				PRODUCT_BUNDLE_IDENTIFIER = com.galamix.TCATutorialTests;
				PRODUCT_NAME = "$(TARGET_NAME)";
				SWIFT_EMIT_LOC_STRINGS = NO;
				SWIFT_VERSION = 5.0;
				TARGETED_DEVICE_FAMILY = "1,2";
				TEST_HOST = "$(BUILT_PRODUCTS_DIR)/TCATutorial.app/$(BUNDLE_EXECUTABLE_FOLDER_PATH)/TCATutorial";
			};
			name = Debug;
		};
		06B989402C509CDE002532B6 /* Release */ = {
			isa = XCBuildConfiguration;
			buildSettings = {
				BUNDLE_LOADER = "$(TEST_HOST)";
				CODE_SIGN_STYLE = Automatic;
				CURRENT_PROJECT_VERSION = 1;
				GENERATE_INFOPLIST_FILE = YES;
				IPHONEOS_DEPLOYMENT_TARGET = 17.5;
				MARKETING_VERSION = 1.0;
				PRODUCT_BUNDLE_IDENTIFIER = com.galamix.TCATutorialTests;
				PRODUCT_NAME = "$(TARGET_NAME)";
				SWIFT_EMIT_LOC_STRINGS = NO;
				SWIFT_VERSION = 5.0;
				TARGETED_DEVICE_FAMILY = "1,2";
				TEST_HOST = "$(BUILT_PRODUCTS_DIR)/TCATutorial.app/$(BUNDLE_EXECUTABLE_FOLDER_PATH)/TCATutorial";
			};
			name = Release;
		};
		4237C48F2C4FD3B3001A657C /* Debug */ = {
			isa = XCBuildConfiguration;
			buildSettings = {
				ALWAYS_SEARCH_USER_PATHS = NO;
				ASSETCATALOG_COMPILER_GENERATE_SWIFT_ASSET_SYMBOL_EXTENSIONS = YES;
				CLANG_ANALYZER_NONNULL = YES;
				CLANG_ANALYZER_NUMBER_OBJECT_CONVERSION = YES_AGGRESSIVE;
				CLANG_CXX_LANGUAGE_STANDARD = "gnu++20";
				CLANG_ENABLE_MODULES = YES;
				CLANG_ENABLE_OBJC_ARC = YES;
				CLANG_ENABLE_OBJC_WEAK = YES;
				CLANG_WARN_BLOCK_CAPTURE_AUTORELEASING = YES;
				CLANG_WARN_BOOL_CONVERSION = YES;
				CLANG_WARN_COMMA = YES;
				CLANG_WARN_CONSTANT_CONVERSION = YES;
				CLANG_WARN_DEPRECATED_OBJC_IMPLEMENTATIONS = YES;
				CLANG_WARN_DIRECT_OBJC_ISA_USAGE = YES_ERROR;
				CLANG_WARN_DOCUMENTATION_COMMENTS = YES;
				CLANG_WARN_EMPTY_BODY = YES;
				CLANG_WARN_ENUM_CONVERSION = YES;
				CLANG_WARN_INFINITE_RECURSION = YES;
				CLANG_WARN_INT_CONVERSION = YES;
				CLANG_WARN_NON_LITERAL_NULL_CONVERSION = YES;
				CLANG_WARN_OBJC_IMPLICIT_RETAIN_SELF = YES;
				CLANG_WARN_OBJC_LITERAL_CONVERSION = YES;
				CLANG_WARN_OBJC_ROOT_CLASS = YES_ERROR;
				CLANG_WARN_QUOTED_INCLUDE_IN_FRAMEWORK_HEADER = YES;
				CLANG_WARN_RANGE_LOOP_ANALYSIS = YES;
				CLANG_WARN_STRICT_PROTOTYPES = YES;
				CLANG_WARN_SUSPICIOUS_MOVE = YES;
				CLANG_WARN_UNGUARDED_AVAILABILITY = YES_AGGRESSIVE;
				CLANG_WARN_UNREACHABLE_CODE = YES;
				CLANG_WARN__DUPLICATE_METHOD_MATCH = YES;
				COPY_PHASE_STRIP = NO;
				DEBUG_INFORMATION_FORMAT = dwarf;
				ENABLE_STRICT_OBJC_MSGSEND = YES;
				ENABLE_TESTABILITY = YES;
				ENABLE_USER_SCRIPT_SANDBOXING = YES;
				GCC_C_LANGUAGE_STANDARD = gnu17;
				GCC_DYNAMIC_NO_PIC = NO;
				GCC_NO_COMMON_BLOCKS = YES;
				GCC_OPTIMIZATION_LEVEL = 0;
				GCC_PREPROCESSOR_DEFINITIONS = (
					"DEBUG=1",
					"$(inherited)",
				);
				GCC_WARN_64_TO_32_BIT_CONVERSION = YES;
				GCC_WARN_ABOUT_RETURN_TYPE = YES_ERROR;
				GCC_WARN_UNDECLARED_SELECTOR = YES;
				GCC_WARN_UNINITIALIZED_AUTOS = YES_AGGRESSIVE;
				GCC_WARN_UNUSED_FUNCTION = YES;
				GCC_WARN_UNUSED_VARIABLE = YES;
				IPHONEOS_DEPLOYMENT_TARGET = 16.0;
				LOCALIZATION_PREFERS_STRING_CATALOGS = YES;
				MTL_ENABLE_DEBUG_INFO = INCLUDE_SOURCE;
				MTL_FAST_MATH = YES;
				ONLY_ACTIVE_ARCH = YES;
				SDKROOT = iphoneos;
				SWIFT_ACTIVE_COMPILATION_CONDITIONS = "DEBUG $(inherited)";
				SWIFT_OPTIMIZATION_LEVEL = "-Onone";
			};
			name = Debug;
		};
		4237C4902C4FD3B3001A657C /* Release */ = {
			isa = XCBuildConfiguration;
			buildSettings = {
				ALWAYS_SEARCH_USER_PATHS = NO;
				ASSETCATALOG_COMPILER_GENERATE_SWIFT_ASSET_SYMBOL_EXTENSIONS = YES;
				CLANG_ANALYZER_NONNULL = YES;
				CLANG_ANALYZER_NUMBER_OBJECT_CONVERSION = YES_AGGRESSIVE;
				CLANG_CXX_LANGUAGE_STANDARD = "gnu++20";
				CLANG_ENABLE_MODULES = YES;
				CLANG_ENABLE_OBJC_ARC = YES;
				CLANG_ENABLE_OBJC_WEAK = YES;
				CLANG_WARN_BLOCK_CAPTURE_AUTORELEASING = YES;
				CLANG_WARN_BOOL_CONVERSION = YES;
				CLANG_WARN_COMMA = YES;
				CLANG_WARN_CONSTANT_CONVERSION = YES;
				CLANG_WARN_DEPRECATED_OBJC_IMPLEMENTATIONS = YES;
				CLANG_WARN_DIRECT_OBJC_ISA_USAGE = YES_ERROR;
				CLANG_WARN_DOCUMENTATION_COMMENTS = YES;
				CLANG_WARN_EMPTY_BODY = YES;
				CLANG_WARN_ENUM_CONVERSION = YES;
				CLANG_WARN_INFINITE_RECURSION = YES;
				CLANG_WARN_INT_CONVERSION = YES;
				CLANG_WARN_NON_LITERAL_NULL_CONVERSION = YES;
				CLANG_WARN_OBJC_IMPLICIT_RETAIN_SELF = YES;
				CLANG_WARN_OBJC_LITERAL_CONVERSION = YES;
				CLANG_WARN_OBJC_ROOT_CLASS = YES_ERROR;
				CLANG_WARN_QUOTED_INCLUDE_IN_FRAMEWORK_HEADER = YES;
				CLANG_WARN_RANGE_LOOP_ANALYSIS = YES;
				CLANG_WARN_STRICT_PROTOTYPES = YES;
				CLANG_WARN_SUSPICIOUS_MOVE = YES;
				CLANG_WARN_UNGUARDED_AVAILABILITY = YES_AGGRESSIVE;
				CLANG_WARN_UNREACHABLE_CODE = YES;
				CLANG_WARN__DUPLICATE_METHOD_MATCH = YES;
				COPY_PHASE_STRIP = NO;
				DEBUG_INFORMATION_FORMAT = "dwarf-with-dsym";
				ENABLE_NS_ASSERTIONS = NO;
				ENABLE_STRICT_OBJC_MSGSEND = YES;
				ENABLE_USER_SCRIPT_SANDBOXING = YES;
				GCC_C_LANGUAGE_STANDARD = gnu17;
				GCC_NO_COMMON_BLOCKS = YES;
				GCC_WARN_64_TO_32_BIT_CONVERSION = YES;
				GCC_WARN_ABOUT_RETURN_TYPE = YES_ERROR;
				GCC_WARN_UNDECLARED_SELECTOR = YES;
				GCC_WARN_UNINITIALIZED_AUTOS = YES_AGGRESSIVE;
				GCC_WARN_UNUSED_FUNCTION = YES;
				GCC_WARN_UNUSED_VARIABLE = YES;
				IPHONEOS_DEPLOYMENT_TARGET = 16.0;
				LOCALIZATION_PREFERS_STRING_CATALOGS = YES;
				MTL_ENABLE_DEBUG_INFO = NO;
				MTL_FAST_MATH = YES;
				SDKROOT = iphoneos;
				SWIFT_COMPILATION_MODE = wholemodule;
				VALIDATE_PRODUCT = YES;
			};
			name = Release;
		};
		4237C4922C4FD3B3001A657C /* Debug */ = {
			isa = XCBuildConfiguration;
			buildSettings = {
				ASSETCATALOG_COMPILER_APPICON_NAME = AppIcon;
				ASSETCATALOG_COMPILER_GLOBAL_ACCENT_COLOR_NAME = AccentColor;
				CODE_SIGN_STYLE = Automatic;
				CURRENT_PROJECT_VERSION = 1;
				DEVELOPMENT_ASSET_PATHS = "\"TCATutorial/Preview Content\"";
				DEVELOPMENT_TEAM = HR74YJR7W4;
				ENABLE_PREVIEWS = YES;
				ENABLE_USER_SCRIPT_SANDBOXING = NO;
				GENERATE_INFOPLIST_FILE = YES;
				INFOPLIST_FILE = TCATutorial/Info.plist;
				INFOPLIST_KEY_UIApplicationSceneManifest_Generation = YES;
				INFOPLIST_KEY_UIApplicationSupportsIndirectInputEvents = YES;
				INFOPLIST_KEY_UILaunchScreen_Generation = YES;
				INFOPLIST_KEY_UISupportedInterfaceOrientations_iPad = "UIInterfaceOrientationPortrait UIInterfaceOrientationPortraitUpsideDown UIInterfaceOrientationLandscapeLeft UIInterfaceOrientationLandscapeRight";
				INFOPLIST_KEY_UISupportedInterfaceOrientations_iPhone = "UIInterfaceOrientationPortrait UIInterfaceOrientationLandscapeLeft UIInterfaceOrientationLandscapeRight";
				IPHONEOS_DEPLOYMENT_TARGET = 16.0;
				LD_RUNPATH_SEARCH_PATHS = (
					"$(inherited)",
					"@executable_path/Frameworks",
				);
				MARKETING_VERSION = 1.0;
				PRODUCT_BUNDLE_IDENTIFIER = com.greed.TCATutorial;
				PRODUCT_NAME = "$(TARGET_NAME)";
				SWIFT_EMIT_LOC_STRINGS = YES;
				SWIFT_VERSION = 5.0;
				TARGETED_DEVICE_FAMILY = "1,2";
			};
			name = Debug;
		};
		4237C4932C4FD3B3001A657C /* Release */ = {
			isa = XCBuildConfiguration;
			buildSettings = {
				ASSETCATALOG_COMPILER_APPICON_NAME = AppIcon;
				ASSETCATALOG_COMPILER_GLOBAL_ACCENT_COLOR_NAME = AccentColor;
				CODE_SIGN_STYLE = Automatic;
				CURRENT_PROJECT_VERSION = 1;
				DEVELOPMENT_ASSET_PATHS = "\"TCATutorial/Preview Content\"";
				DEVELOPMENT_TEAM = HR74YJR7W4;
				ENABLE_PREVIEWS = YES;
				ENABLE_USER_SCRIPT_SANDBOXING = NO;
				GENERATE_INFOPLIST_FILE = YES;
				INFOPLIST_FILE = TCATutorial/Info.plist;
				INFOPLIST_KEY_UIApplicationSceneManifest_Generation = YES;
				INFOPLIST_KEY_UIApplicationSupportsIndirectInputEvents = YES;
				INFOPLIST_KEY_UILaunchScreen_Generation = YES;
				INFOPLIST_KEY_UISupportedInterfaceOrientations_iPad = "UIInterfaceOrientationPortrait UIInterfaceOrientationPortraitUpsideDown UIInterfaceOrientationLandscapeLeft UIInterfaceOrientationLandscapeRight";
				INFOPLIST_KEY_UISupportedInterfaceOrientations_iPhone = "UIInterfaceOrientationPortrait UIInterfaceOrientationLandscapeLeft UIInterfaceOrientationLandscapeRight";
				IPHONEOS_DEPLOYMENT_TARGET = 16.0;
				LD_RUNPATH_SEARCH_PATHS = (
					"$(inherited)",
					"@executable_path/Frameworks",
				);
				MARKETING_VERSION = 1.0;
				PRODUCT_BUNDLE_IDENTIFIER = com.greed.TCATutorial;
				PRODUCT_NAME = "$(TARGET_NAME)";
				SWIFT_EMIT_LOC_STRINGS = YES;
				SWIFT_VERSION = 5.0;
				TARGETED_DEVICE_FAMILY = "1,2";
			};
			name = Release;
		};
/* End XCBuildConfiguration section */

/* Begin XCConfigurationList section */
		06B9893E2C509CDE002532B6 /* Build configuration list for PBXNativeTarget "TCATutorialTests" */ = {
			isa = XCConfigurationList;
			buildConfigurations = (
				06B9893F2C509CDE002532B6 /* Debug */,
				06B989402C509CDE002532B6 /* Release */,
			);
			defaultConfigurationIsVisible = 0;
			defaultConfigurationName = Release;
		};
		4237C47E2C4FD3B1001A657C /* Build configuration list for PBXProject "TCATutorial" */ = {
			isa = XCConfigurationList;
			buildConfigurations = (
				4237C48F2C4FD3B3001A657C /* Debug */,
				4237C4902C4FD3B3001A657C /* Release */,
			);
			defaultConfigurationIsVisible = 0;
			defaultConfigurationName = Release;
		};
		4237C4912C4FD3B3001A657C /* Build configuration list for PBXNativeTarget "TCATutorial" */ = {
			isa = XCConfigurationList;
			buildConfigurations = (
				4237C4922C4FD3B3001A657C /* Debug */,
				4237C4932C4FD3B3001A657C /* Release */,
			);
			defaultConfigurationIsVisible = 0;
			defaultConfigurationName = Release;
		};
/* End XCConfigurationList section */

/* Begin XCRemoteSwiftPackageReference section */
		4237C4942C4FD45B001A657C /* XCRemoteSwiftPackageReference "swift-composable-architecture" */ = {
			isa = XCRemoteSwiftPackageReference;
			repositoryURL = "https://github.com/pointfreeco/swift-composable-architecture.git";
			requirement = {
				kind = upToNextMajorVersion;
				minimumVersion = 1.12.0;
			};
		};
/* End XCRemoteSwiftPackageReference section */

/* Begin XCSwiftPackageProductDependency section */
		4237C4952C4FD45B001A657C /* ComposableArchitecture */ = {
			isa = XCSwiftPackageProductDependency;
			package = 4237C4942C4FD45B001A657C /* XCRemoteSwiftPackageReference "swift-composable-architecture" */;
			productName = ComposableArchitecture;
		};
/* End XCSwiftPackageProductDependency section */
	};
	rootObject = 4237C47B2C4FD3B1001A657C /* Project object */;
}
